
Microsoft Visual Studio Solution File, Format Version 12.00
# Visual Studio 15
VisualStudioVersion = 15.0.28307.1401
MinimumVisualStudioVersion = 10.0.40219.1
Project("{FAE04EC0-301F-11D3-BF4B-00C04F79EFBC}") = "Ex.8 Sobrecarga", "Ex.8 Sobrecarga\Ex.8 Sobrecarga.csproj", "{D53A4B0B-9C0C-4ADC-9FED-75B0B9630542}"
EndProject
Global
	GlobalSection(SolutionConfigurationPlatforms) = preSolution
		Debug|Any CPU = Debug|Any CPU
		Release|Any CPU = Release|Any CPU
	EndGlobalSection
	GlobalSection(ProjectConfigurationPlatforms) = postSolution
		{D53A4B0B-9C0C-4ADC-9FED-75B0B9630542}.Debug|Any CPU.ActiveCfg = Debug|Any CPU
		{D53A4B0B-9C0C-4ADC-9FED-75B0B9630542}.Debug|Any CPU.Build.0 = Debug|Any CPU
		{D53A4B0B-9C0C-4ADC-9FED-75B0B9630542}.Release|Any CPU.ActiveCfg = Release|Any CPU
		{D53A4B0B-9C0C-4ADC-9FED-75B0B9630542}.Release|Any CPU.Build.0 = Release|Any CPU
	EndGlobalSection
	GlobalSection(SolutionProperties) = preSolution
		HideSolutionNode = FALSE
	EndGlobalSection
	GlobalSection(ExtensibilityGlobals) = postSolution
		SolutionGuid = {64D10490-D85C-40AE-9C5F-02A5E58F2530}
	EndGlobalSection
EndGlobal
